
Microsoft Visual Studio Solution File, Format Version 12.00
# Visual Studio Version 16
VisualStudioVersion = 16.0.30907.101
MinimumVisualStudioVersion = 10.0.40219.1
Project("{2150E333-8FDC-42A3-9474-1A3956D46DE8}") = "Services", "Services", "{760C65C2-E3A0-4E84-AEC2-FA5BBF017953}"
EndProject
Project("{2150E333-8FDC-42A3-9474-1A3956D46DE8}") = "Catalog", "Catalog", "{CD1BB72E-8EF1-49B4-9DD7-0398150BF90E}"
EndProject
Project("{9A19103F-16F7-4668-BE54-9A1E7A4F7556}") = "Catalog.UnitTests", "Services\Catalog\Catalog.UnitTests\Catalog.UnitTests.csproj", "{4EB3F416-C61B-4551-90FE-8D4E69B4D0DE}"
EndProject
Project("{9A19103F-16F7-4668-BE54-9A1E7A4F7556}") = "Catalog.API", "Services\Catalog\Catalog.API\Catalog.API.csproj", "{CDEE4DEB-C38B-4D59-BD1C-4595A41AC342}"
EndProject
Project("{E53339B2-1760-4266-BCC7-CA923CBCF16C}") = "docker-compose", "docker-compose.dcproj", "{9A733F6B-AAF2-4C34-9FE2-400339E7EA5E}"
EndProject
Project("{2150E333-8FDC-42A3-9474-1A3956D46DE8}") = "Basket", "Basket", "{3BD1AEF1-F25A-4A45-9EA2-8D0B91BD4E1D}"
EndProject
Project("{9A19103F-16F7-4668-BE54-9A1E7A4F7556}") = "Basket.API", "Services\Basket\Basket.API\Basket.API.csproj", "{D63AAD77-4296-4B35-9EB1-AB92FA5B39F7}"
EndProject
Project("{9A19103F-16F7-4668-BE54-9A1E7A4F7556}") = "Basket.UnitTests", "Services\Basket\Basket.UnitTests\Basket.UnitTests.csproj", "{2957D3B0-3462-4791-8EA3-973EB236D646}"
EndProject
Project("{2150E333-8FDC-42A3-9474-1A3956D46DE8}") = "Discount", "Discount", "{5A009D6C-77D9-42DE-ADAC-25C0086F37DE}"
EndProject
Project("{9A19103F-16F7-4668-BE54-9A1E7A4F7556}") = "Discount.API", "Services\Discount\Discount.API\Discount.API.csproj", "{50317986-E89E-4D39-88C0-6805A5B00C4A}"
EndProject
Project("{9A19103F-16F7-4668-BE54-9A1E7A4F7556}") = "Discount.UnitTests", "Services\Discount\Discount.UnitTests\Discount.UnitTests.csproj", "{05746107-ACAE-49B4-AD4D-5081348B1BB3}"
EndProject
Project("{FAE04EC0-301F-11D3-BF4B-00C04F79EFBC}") = "Discount.Grpc", "Services\Discount\Discount.Grpc\Discount.Grpc.csproj", "{50308519-4E96-4BB1-80B3-96510FBE926C}"
EndProject
Global
	GlobalSection(SolutionConfigurationPlatforms) = preSolution
		Debug|Any CPU = Debug|Any CPU
		Release|Any CPU = Release|Any CPU
	EndGlobalSection
	GlobalSection(ProjectConfigurationPlatforms) = postSolution
		{4EB3F416-C61B-4551-90FE-8D4E69B4D0DE}.Debug|Any CPU.ActiveCfg = Debug|Any CPU
		{4EB3F416-C61B-4551-90FE-8D4E69B4D0DE}.Debug|Any CPU.Build.0 = Debug|Any CPU
		{4EB3F416-C61B-4551-90FE-8D4E69B4D0DE}.Release|Any CPU.ActiveCfg = Release|Any CPU
		{4EB3F416-C61B-4551-90FE-8D4E69B4D0DE}.Release|Any CPU.Build.0 = Release|Any CPU
		{CDEE4DEB-C38B-4D59-BD1C-4595A41AC342}.Debug|Any CPU.ActiveCfg = Debug|Any CPU
		{CDEE4DEB-C38B-4D59-BD1C-4595A41AC342}.Debug|Any CPU.Build.0 = Debug|Any CPU
		{CDEE4DEB-C38B-4D59-BD1C-4595A41AC342}.Release|Any CPU.ActiveCfg = Release|Any CPU
		{CDEE4DEB-C38B-4D59-BD1C-4595A41AC342}.Release|Any CPU.Build.0 = Release|Any CPU
		{9A733F6B-AAF2-4C34-9FE2-400339E7EA5E}.Debug|Any CPU.ActiveCfg = Debug|Any CPU
		{9A733F6B-AAF2-4C34-9FE2-400339E7EA5E}.Debug|Any CPU.Build.0 = Debug|Any CPU
		{9A733F6B-AAF2-4C34-9FE2-400339E7EA5E}.Release|Any CPU.ActiveCfg = Release|Any CPU
		{9A733F6B-AAF2-4C34-9FE2-400339E7EA5E}.Release|Any CPU.Build.0 = Release|Any CPU
		{D63AAD77-4296-4B35-9EB1-AB92FA5B39F7}.Debug|Any CPU.ActiveCfg = Debug|Any CPU
		{D63AAD77-4296-4B35-9EB1-AB92FA5B39F7}.Debug|Any CPU.Build.0 = Debug|Any CPU
		{D63AAD77-4296-4B35-9EB1-AB92FA5B39F7}.Release|Any CPU.ActiveCfg = Release|Any CPU
		{D63AAD77-4296-4B35-9EB1-AB92FA5B39F7}.Release|Any CPU.Build.0 = Release|Any CPU
		{2957D3B0-3462-4791-8EA3-973EB236D646}.Debug|Any CPU.ActiveCfg = Debug|Any CPU
		{2957D3B0-3462-4791-8EA3-973EB236D646}.Debug|Any CPU.Build.0 = Debug|Any CPU
		{2957D3B0-3462-4791-8EA3-973EB236D646}.Release|Any CPU.ActiveCfg = Release|Any CPU
		{2957D3B0-3462-4791-8EA3-973EB236D646}.Release|Any CPU.Build.0 = Release|Any CPU
		{50317986-E89E-4D39-88C0-6805A5B00C4A}.Debug|Any CPU.ActiveCfg = Debug|Any CPU
		{50317986-E89E-4D39-88C0-6805A5B00C4A}.Debug|Any CPU.Build.0 = Debug|Any CPU
		{50317986-E89E-4D39-88C0-6805A5B00C4A}.Release|Any CPU.ActiveCfg = Release|Any CPU
		{50317986-E89E-4D39-88C0-6805A5B00C4A}.Release|Any CPU.Build.0 = Release|Any CPU
		{05746107-ACAE-49B4-AD4D-5081348B1BB3}.Debug|Any CPU.ActiveCfg = Debug|Any CPU
		{05746107-ACAE-49B4-AD4D-5081348B1BB3}.Debug|Any CPU.Build.0 = Debug|Any CPU
		{05746107-ACAE-49B4-AD4D-5081348B1BB3}.Release|Any CPU.ActiveCfg = Release|Any CPU
		{05746107-ACAE-49B4-AD4D-5081348B1BB3}.Release|Any CPU.Build.0 = Release|Any CPU
		{50308519-4E96-4BB1-80B3-96510FBE926C}.Debug|Any CPU.ActiveCfg = Debug|Any CPU
		{50308519-4E96-4BB1-80B3-96510FBE926C}.Debug|Any CPU.Build.0 = Debug|Any CPU
		{50308519-4E96-4BB1-80B3-96510FBE926C}.Release|Any CPU.ActiveCfg = Release|Any CPU
		{50308519-4E96-4BB1-80B3-96510FBE926C}.Release|Any CPU.Build.0 = Release|Any CPU
	EndGlobalSection
	GlobalSection(SolutionProperties) = preSolution
		HideSolutionNode = FALSE
	EndGlobalSection
	GlobalSection(NestedProjects) = preSolution
		{CD1BB72E-8EF1-49B4-9DD7-0398150BF90E} = {760C65C2-E3A0-4E84-AEC2-FA5BBF017953}
		{4EB3F416-C61B-4551-90FE-8D4E69B4D0DE} = {CD1BB72E-8EF1-49B4-9DD7-0398150BF90E}
		{CDEE4DEB-C38B-4D59-BD1C-4595A41AC342} = {CD1BB72E-8EF1-49B4-9DD7-0398150BF90E}
		{3BD1AEF1-F25A-4A45-9EA2-8D0B91BD4E1D} = {760C65C2-E3A0-4E84-AEC2-FA5BBF017953}
		{D63AAD77-4296-4B35-9EB1-AB92FA5B39F7} = {3BD1AEF1-F25A-4A45-9EA2-8D0B91BD4E1D}
		{2957D3B0-3462-4791-8EA3-973EB236D646} = {3BD1AEF1-F25A-4A45-9EA2-8D0B91BD4E1D}
		{5A009D6C-77D9-42DE-ADAC-25C0086F37DE} = {760C65C2-E3A0-4E84-AEC2-FA5BBF017953}
		{50317986-E89E-4D39-88C0-6805A5B00C4A} = {5A009D6C-77D9-42DE-ADAC-25C0086F37DE}
		{05746107-ACAE-49B4-AD4D-5081348B1BB3} = {5A009D6C-77D9-42DE-ADAC-25C0086F37DE}
		{50308519-4E96-4BB1-80B3-96510FBE926C} = {5A009D6C-77D9-42DE-ADAC-25C0086F37DE}
	EndGlobalSection
	GlobalSection(ExtensibilityGlobals) = postSolution
		SolutionGuid = {88FFFC32-4AC5-49E1-B00B-EC5AA024BE5E}
	EndGlobalSection
EndGlobal
